<?xml version="1.0" encoding="utf-8"?>
<Project ToolsVersion="4.0" xmlns="http://schemas.microsoft.com/developer/msbuild/2003">
  <ItemGroup>
    <Filter Include="Source Files">
      <UniqueIdentifier>{4FC737F1-C7A5-4376-A066-2A32D752A2FF}</UniqueIdentifier>
      <Extensions>cpp;c;cc;cxx;def;odl;idl;hpj;bat;asm;asmx</Extensions>
    </Filter>
    <Filter Include="Header Files">
      <UniqueIdentifier>{93995380-89BD-4b04-88EB-625FBE52EBFB}</UniqueIdentifier>
      <Extensions>h;hh;hpp;hxx;hm;inl;inc;xsd</Extensions>
    </Filter>
    <Filter Include="Resource Files">
      <UniqueIdentifier>{67DA6AB6-F800-4c08-8B7A-83BB121AAD01}</UniqueIdentifier>
      <Extensions>rc;ico;cur;bmp;dlg;rc2;rct;bin;rgs;gif;jpg;jpeg;jpe;resx;tiff;tif;png;wav;mfcribbon-ms</Extensions>
    </Filter>
  </ItemGroup>
  <ItemGroup>
    <ClCompile Include="main.cpp">
      <Filter>Source Files</Filter>
    </ClCompile>
    <ClCompile Include="SRC\Physics\Rigidbody.cpp">
      <Filter>Source Files</Filter>
    </ClCompile>
    <ClCompile Include="SRC\Camera\Camera.cpp">
      <Filter>Source Files</Filter>
    </ClCompile>
    <ClCompile Include="SRC\Physics\Scene.cpp">
      <Filter>Source Files</Filter>
    </ClCompile>
    <ClCompile Include="SRC\Physics\Sphere.cpp">
      <Filter>Source Files</Filter>
    </ClCompile>
    <ClCompile Include="..\..\Visual Studio Projects\aieBootstrap-master\dependencies\imgui\imgui_demo.cpp">
      <Filter>Source Files</Filter>
    </ClCompile>
    <ClCompile Include="SRC\Physics\Plane.cpp">
      <Filter>Source Files</Filter>
    </ClCompile>
    <ClCompile Include="SRC\Physics\AABB.cpp">
      <Filter>Source Files</Filter>
    </ClCompile>
    <ClCompile Include="SRC\Physics\Constraint.cpp">
      <Filter>Source Files</Filter>
    </ClCompile>
    <ClCompile Include="SRC\Physics\Spring.cpp">
      <Filter>Source Files</Filter>
    </ClCompile>
    <ClCompile Include="SRC\_2018_02_06_PhysicsEngineApp.cpp">
      <Filter>Source Files</Filter>
    </ClCompile>
  </ItemGroup>
  <ItemGroup>
    <ClInclude Include="INC\Physics\Rigidbody.h">
      <Filter>Header Files</Filter>
    </ClInclude>
    <ClInclude Include="INC\Camera\Camera.h">
      <Filter>Header Files</Filter>
    </ClInclude>
    <ClInclude Include="INC\Physics\Scene.h">
      <Filter>Header Files</Filter>
    </ClInclude>
    <ClInclude Include="INC\Physics\Sphere.h">
      <Filter>Header Files</Filter>
    </ClInclude>
    <ClInclude Include="INC\Physics\Plane.h">
      <Filter>Header Files</Filter>
    </ClInclude>
    <ClInclude Include="INC\Physics\AABB.h">
      <Filter>Header Files</Filter>
    </ClInclude>
    <ClInclude Include="INC\Physics\Constraint.h">
      <Filter>Header Files</Filter>
    </ClInclude>
    <ClInclude Include="INC\Physics\Spring.h">
      <Filter>Header Files</Filter>
    </ClInclude>
    <ClInclude Include="INC\pcl\octree\boost.h">
      <Filter>Header Files</Filter>
    </ClInclude>
    <ClInclude Include="INC\pcl\octree\octree.h">
      <Filter>Header Files</Filter>
    </ClInclude>
    <ClInclude Include="INC\pcl\octree\octree_base.h">
      <Filter>Header Files</Filter>
    </ClInclude>
    <ClInclude Include="INC\pcl\octree\octree_container.h">
      <Filter>Header Files</Filter>
    </ClInclude>
    <ClInclude Include="INC\pcl\octree\octree_impl.h">
      <Filter>Header Files</Filter>
    </ClInclude>
    <ClInclude Include="INC\pcl\octree\octree_iterator.h">
      <Filter>Header Files</Filter>
    </ClInclude>
    <ClInclude Include="INC\pcl\octree\octree_key.h">
      <Filter>Header Files</Filter>
    </ClInclude>
    <ClInclude Include="INC\pcl\octree\octree_node_pool.h">
      <Filter>Header Files</Filter>
    </ClInclude>
    <ClInclude Include="INC\pcl\octree\octree_nodes.h">
      <Filter>Header Files</Filter>
    </ClInclude>
    <ClInclude Include="INC\pcl\octree\octree_pointcloud.h">
      <Filter>Header Files</Filter>
    </ClInclude>
    <ClInclude Include="INC\pcl\octree\octree_pointcloud_adjacency.h">
      <Filter>Header Files</Filter>
    </ClInclude>
    <ClInclude Include="INC\pcl\octree\octree_pointcloud_adjacency_container.h">
      <Filter>Header Files</Filter>
    </ClInclude>
    <ClInclude Include="INC\pcl\octree\octree_pointcloud_changedetector.h">
      <Filter>Header Files</Filter>
    </ClInclude>
    <ClInclude Include="INC\pcl\octree\octree_pointcloud_density.h">
      <Filter>Header Files</Filter>
    </ClInclude>
    <ClInclude Include="INC\pcl\octree\octree_pointcloud_occupancy.h">
      <Filter>Header Files</Filter>
    </ClInclude>
    <ClInclude Include="INC\pcl\octree\octree_pointcloud_pointvector.h">
      <Filter>Header Files</Filter>
    </ClInclude>
    <ClInclude Include="INC\pcl\octree\octree_pointcloud_singlepoint.h">
      <Filter>Header Files</Filter>
    </ClInclude>
    <ClInclude Include="INC\pcl\octree\octree_pointcloud_voxelcentroid.h">
      <Filter>Header Files</Filter>
    </ClInclude>
    <ClInclude Include="INC\pcl\octree\octree_search.h">
      <Filter>Header Files</Filter>
    </ClInclude>
    <ClInclude Include="INC\pcl\octree\octree2buf_base.h">
      <Filter>Header Files</Filter>
    </ClInclude>
    <ClInclude Include="INC\pcl\octree\impl\octree_base.hpp">
      <Filter>Header Files</Filter>
    </ClInclude>
    <ClInclude Include="INC\pcl\octree\impl\octree_iterator.hpp">
      <Filter>Header Files</Filter>
    </ClInclude>
    <ClInclude Include="INC\pcl\octree\impl\octree_pointcloud.hpp">
      <Filter>Header Files</Filter>
    </ClInclude>
    <ClInclude Include="INC\pcl\octree\impl\octree_pointcloud_adjacency.hpp">
      <Filter>Header Files</Filter>
    </ClInclude>
    <ClInclude Include="INC\pcl\octree\impl\octree_pointcloud_voxelcentroid.hpp">
      <Filter>Header Files</Filter>
    </ClInclude>
    <ClInclude Include="INC\pcl\octree\impl\octree_search.hpp">
      <Filter>Header Files</Filter>
    </ClInclude>
    <ClInclude Include="INC\pcl\octree\impl\octree2buf_base.hpp">
      <Filter>Header Files</Filter>
    </ClInclude>
    <ClInclude Include="SimpleOctree\Octree.h">
      <Filter>Header Files</Filter>
    </ClInclude>
    <ClInclude Include="SimpleOctree\OctreePoint.h">
      <Filter>Header Files</Filter>
    </ClInclude>
    <ClInclude Include="SimpleOctree\Stopwatch.h">
      <Filter>Header Files</Filter>
    </ClInclude>
    <ClInclude Include="SimpleOctree\Vec3.h">
      <Filter>Header Files</Filter>
    </ClInclude>
    <ClInclude Include="INC\SimpleOctree\Octree.h">
      <Filter>Header Files</Filter>
    </ClInclude>
    <ClInclude Include="INC\SimpleOctree\OctreePoint.h">
      <Filter>Header Files</Filter>
    </ClInclude>
    <ClInclude Include="INC\SimpleOctree\Stopwatch.h">
      <Filter>Header Files</Filter>
    </ClInclude>
    <ClInclude Include="INC\SimpleOctree\Vec3.h">
      <Filter>Header Files</Filter>
    </ClInclude>
    <ClInclude Include="Octree\Octree.h">
      <Filter>Header Files</Filter>
    </ClInclude>
    <ClInclude Include="INC\PhysebsUtility_Funcs.h">
      <Filter>Header Files</Filter>
    </ClInclude>
    <ClInclude Include="INC\PhysebsUtility_Literals.h">
      <Filter>Header Files</Filter>
    </ClInclude>
    <ClInclude Include="INC\_2018_02_06_PhysicsEngineApp.h">
      <Filter>Header Files</Filter>
    </ClInclude>
  </ItemGroup>
  <ItemGroup>
    <None Include="ClassDiagram1.cd" />
  </ItemGroup>
</Project>